
Microsoft Visual Studio Solution File, Format Version 12.00
# Visual Studio Version 16
VisualStudioVersion = 16.0.30002.166
MinimumVisualStudioVersion = 10.0.40219.1
Project("{9A19103F-16F7-4668-BE54-9A1E7A4F7556}") = "Domain", "Domain\Domain.csproj", "{6FFAFCDB-1956-42EC-8492-17D5F86C1C1F}"
EndProject
Project("{9A19103F-16F7-4668-BE54-9A1E7A4F7556}") = "Application", "Application\Application.csproj", "{C3170DE8-EA6C-4A21-A41E-151BBD18552B}"
EndProject
Project("{9A19103F-16F7-4668-BE54-9A1E7A4F7556}") = "Persistence", "Persistence\Persistence.csproj", "{68601F22-9BD5-46E5-AD69-575AFD0E2A87}"
EndProject
Project("{9A19103F-16F7-4668-BE54-9A1E7A4F7556}") = "API", "API\API.csproj", "{9BFCD0FC-D791-43DD-8BB2-20EF703F2C43}"
EndProject
Project("{9A19103F-16F7-4668-BE54-9A1E7A4F7556}") = "Infrastructure", "Infrastructure\Infrastructure.csproj", "{1EEB5E59-5045-480E-BB51-C9641E1FDA23}"
EndProject
Global
	GlobalSection(SolutionConfigurationPlatforms) = preSolution
		Debug|Any CPU = Debug|Any CPU
		Release|Any CPU = Release|Any CPU
	EndGlobalSection
	GlobalSection(ProjectConfigurationPlatforms) = postSolution
		{6FFAFCDB-1956-42EC-8492-17D5F86C1C1F}.Debug|Any CPU.ActiveCfg = Debug|Any CPU
		{6FFAFCDB-1956-42EC-8492-17D5F86C1C1F}.Debug|Any CPU.Build.0 = Debug|Any CPU
		{6FFAFCDB-1956-42EC-8492-17D5F86C1C1F}.Release|Any CPU.ActiveCfg = Release|Any CPU
		{6FFAFCDB-1956-42EC-8492-17D5F86C1C1F}.Release|Any CPU.Build.0 = Release|Any CPU
		{C3170DE8-EA6C-4A21-A41E-151BBD18552B}.Debug|Any CPU.ActiveCfg = Debug|Any CPU
		{C3170DE8-EA6C-4A21-A41E-151BBD18552B}.Debug|Any CPU.Build.0 = Debug|Any CPU
		{C3170DE8-EA6C-4A21-A41E-151BBD18552B}.Release|Any CPU.ActiveCfg = Release|Any CPU
		{C3170DE8-EA6C-4A21-A41E-151BBD18552B}.Release|Any CPU.Build.0 = Release|Any CPU
		{68601F22-9BD5-46E5-AD69-575AFD0E2A87}.Debug|Any CPU.ActiveCfg = Debug|Any CPU
		{68601F22-9BD5-46E5-AD69-575AFD0E2A87}.Debug|Any CPU.Build.0 = Debug|Any CPU
		{68601F22-9BD5-46E5-AD69-575AFD0E2A87}.Release|Any CPU.ActiveCfg = Release|Any CPU
		{68601F22-9BD5-46E5-AD69-575AFD0E2A87}.Release|Any CPU.Build.0 = Release|Any CPU
		{9BFCD0FC-D791-43DD-8BB2-20EF703F2C43}.Debug|Any CPU.ActiveCfg = Debug|Any CPU
		{9BFCD0FC-D791-43DD-8BB2-20EF703F2C43}.Debug|Any CPU.Build.0 = Debug|Any CPU
		{9BFCD0FC-D791-43DD-8BB2-20EF703F2C43}.Release|Any CPU.ActiveCfg = Release|Any CPU
		{9BFCD0FC-D791-43DD-8BB2-20EF703F2C43}.Release|Any CPU.Build.0 = Release|Any CPU
		{1EEB5E59-5045-480E-BB51-C9641E1FDA23}.Debug|Any CPU.ActiveCfg = Debug|Any CPU
		{1EEB5E59-5045-480E-BB51-C9641E1FDA23}.Debug|Any CPU.Build.0 = Debug|Any CPU
		{1EEB5E59-5045-480E-BB51-C9641E1FDA23}.Release|Any CPU.ActiveCfg = Release|Any CPU
		{1EEB5E59-5045-480E-BB51-C9641E1FDA23}.Release|Any CPU.Build.0 = Release|Any CPU
	EndGlobalSection
	GlobalSection(SolutionProperties) = preSolution
		HideSolutionNode = FALSE
	EndGlobalSection
	GlobalSection(ExtensibilityGlobals) = postSolution
		SolutionGuid = {0B964F8D-E8FB-4B3B-82D4-75CE35CD902A}
	EndGlobalSection
EndGlobal
